
Microsoft Visual Studio Solution File, Format Version 12.00
# Visual Studio Version 16
VisualStudioVersion = 16.0.29001.49
MinimumVisualStudioVersion = 10.0.40219.1
Project("{FAE04EC0-301F-11D3-BF4B-00C04F79EFBC}") = "MBSA Dev Test", "MBSA Dev Test.csproj", "{C7D8FB71-8EE0-4D57-9235-5EC0FA8DBD9D}"
EndProject
Global
	GlobalSection(SolutionConfigurationPlatforms) = preSolution
		Debug|Any CPU = Debug|Any CPU
		Release|Any CPU = Release|Any CPU
	EndGlobalSection
	GlobalSection(ProjectConfigurationPlatforms) = postSolution
		{C7D8FB71-8EE0-4D57-9235-5EC0FA8DBD9D}.Debug|Any CPU.ActiveCfg = Debug|Any CPU
		{C7D8FB71-8EE0-4D57-9235-5EC0FA8DBD9D}.Debug|Any CPU.Build.0 = Debug|Any CPU
		{C7D8FB71-8EE0-4D57-9235-5EC0FA8DBD9D}.Release|Any CPU.ActiveCfg = Release|Any CPU
		{C7D8FB71-8EE0-4D57-9235-5EC0FA8DBD9D}.Release|Any CPU.Build.0 = Release|Any CPU
	EndGlobalSection
	GlobalSection(SolutionProperties) = preSolution
		HideSolutionNode = FALSE
	EndGlobalSection
	GlobalSection(ExtensibilityGlobals) = postSolution
		SolutionGuid = {22142A1F-4FAB-4285-AE9D-9BA41E22350A}
	EndGlobalSection
EndGlobal
